
Microsoft Visual Studio Solution File, Format Version 12.00
# Visual Studio 14
VisualStudioVersion = 14.0.24720.0
MinimumVisualStudioVersion = 10.0.40219.1
Project("{FAE04EC0-301F-11D3-BF4B-00C04F79EFBC}") = "RevitToolkit2016", "Revit2016\RevitToolkit2016.csproj", "{348E19A4-A3FC-4558-93C6-2646820412A1}"
EndProject
Project("{FAE04EC0-301F-11D3-BF4B-00C04F79EFBC}") = "RevitToolkit2015", "RevitToolkit2015\RevitToolkit2015.csproj", "{72678526-8648-4914-9FE6-33676C6760EB}"
EndProject
Global
	GlobalSection(SolutionConfigurationPlatforms) = preSolution
		Debug|Any CPU = Debug|Any CPU
		Release|Any CPU = Release|Any CPU
	EndGlobalSection
	GlobalSection(ProjectConfigurationPlatforms) = postSolution
		{348E19A4-A3FC-4558-93C6-2646820412A1}.Debug|Any CPU.ActiveCfg = Debug|Any CPU
		{348E19A4-A3FC-4558-93C6-2646820412A1}.Debug|Any CPU.Build.0 = Debug|Any CPU
		{348E19A4-A3FC-4558-93C6-2646820412A1}.Release|Any CPU.ActiveCfg = Release|Any CPU
		{348E19A4-A3FC-4558-93C6-2646820412A1}.Release|Any CPU.Build.0 = Release|Any CPU
		{72678526-8648-4914-9FE6-33676C6760EB}.Debug|Any CPU.ActiveCfg = Debug|Any CPU
		{72678526-8648-4914-9FE6-33676C6760EB}.Debug|Any CPU.Build.0 = Debug|Any CPU
		{72678526-8648-4914-9FE6-33676C6760EB}.Release|Any CPU.ActiveCfg = Release|Any CPU
		{72678526-8648-4914-9FE6-33676C6760EB}.Release|Any CPU.Build.0 = Release|Any CPU
	EndGlobalSection
	GlobalSection(SolutionProperties) = preSolution
		HideSolutionNode = FALSE
	EndGlobalSection
EndGlobal
