
Microsoft Visual Studio Solution File, Format Version 12.00
# Visual Studio 14
VisualStudioVersion = 14.0.25420.1
MinimumVisualStudioVersion = 10.0.40219.1
Project("{FAE04EC0-301F-11D3-BF4B-00C04F79EFBC}") = "RevitAdapter2015", "RevitToolkit2015\RevitAdapter2015.csproj", "{72678526-8648-4914-9FE6-33676C6760EB}"
EndProject
Project("{FAE04EC0-301F-11D3-BF4B-00C04F79EFBC}") = "Revit2016_Adapter", "Revit2016_Adapter\Revit2016_Adapter.csproj", "{348E19A4-A3FC-4558-93C6-2646820412A1}"
EndProject
Project("{FAE04EC0-301F-11D3-BF4B-00C04F79EFBC}") = "Cobra2016", "Cobra2016\Cobra2016.csproj", "{D0479AF6-F551-46BA-B742-4BA9FA10029F}"
EndProject
Project("{FAE04EC0-301F-11D3-BF4B-00C04F79EFBC}") = "Revit2017_Adapter", "Revit2017_Adapter\Revit2017_Adapter.csproj", "{074540BB-A398-4F9A-90AC-A2DC10A3B080}"
EndProject
Project("{FAE04EC0-301F-11D3-BF4B-00C04F79EFBC}") = "Cobra2017", "Cobra2017\Cobra2017.csproj", "{E8022CAD-94B9-45F2-B030-442DA3DAE600}"
EndProject
<<<<<<< HEAD
Project("{FAE04EC0-301F-11D3-BF4B-00C04F79EFBC}") = "SportVenueEvent_Cobra", "SportVenueEvent_Cobra\SportVenueEvent_Cobra.csproj", "{CD2953A3-C11F-4A25-B7AF-3175B09E2C09}"
=======
Project("{FAE04EC0-301F-11D3-BF4B-00C04F79EFBC}") = "Revit2015_Adapter", "Revit2015_Adapter\Revit2015_Adapter.csproj", "{B727F09F-5288-4E72-909A-58887281AA8D}"
EndProject
Project("{FAE04EC0-301F-11D3-BF4B-00C04F79EFBC}") = "Cobra2015", "Cobra2015\Cobra2015.csproj", "{9C8FF5F9-98A4-47DA-AD3A-CCED672445D4}"
>>>>>>> refs/remotes/origin/Support-for-2015
EndProject
Global
	GlobalSection(SolutionConfigurationPlatforms) = preSolution
		Debug|Any CPU = Debug|Any CPU
		Release|Any CPU = Release|Any CPU
	EndGlobalSection
	GlobalSection(ProjectConfigurationPlatforms) = postSolution
		{72678526-8648-4914-9FE6-33676C6760EB}.Debug|Any CPU.ActiveCfg = Debug|Any CPU
		{72678526-8648-4914-9FE6-33676C6760EB}.Debug|Any CPU.Build.0 = Debug|Any CPU
		{72678526-8648-4914-9FE6-33676C6760EB}.Release|Any CPU.ActiveCfg = Release|Any CPU
		{72678526-8648-4914-9FE6-33676C6760EB}.Release|Any CPU.Build.0 = Release|Any CPU
		{348E19A4-A3FC-4558-93C6-2646820412A1}.Debug|Any CPU.ActiveCfg = Debug|Any CPU
		{348E19A4-A3FC-4558-93C6-2646820412A1}.Debug|Any CPU.Build.0 = Debug|Any CPU
		{348E19A4-A3FC-4558-93C6-2646820412A1}.Release|Any CPU.ActiveCfg = Release|Any CPU
		{348E19A4-A3FC-4558-93C6-2646820412A1}.Release|Any CPU.Build.0 = Release|Any CPU
		{D0479AF6-F551-46BA-B742-4BA9FA10029F}.Debug|Any CPU.ActiveCfg = Debug|Any CPU
		{D0479AF6-F551-46BA-B742-4BA9FA10029F}.Debug|Any CPU.Build.0 = Debug|Any CPU
		{D0479AF6-F551-46BA-B742-4BA9FA10029F}.Release|Any CPU.ActiveCfg = Release|Any CPU
		{D0479AF6-F551-46BA-B742-4BA9FA10029F}.Release|Any CPU.Build.0 = Release|Any CPU
		{074540BB-A398-4F9A-90AC-A2DC10A3B080}.Debug|Any CPU.ActiveCfg = Debug|Any CPU
		{074540BB-A398-4F9A-90AC-A2DC10A3B080}.Debug|Any CPU.Build.0 = Debug|Any CPU
		{074540BB-A398-4F9A-90AC-A2DC10A3B080}.Release|Any CPU.ActiveCfg = Release|Any CPU
		{074540BB-A398-4F9A-90AC-A2DC10A3B080}.Release|Any CPU.Build.0 = Release|Any CPU
		{E8022CAD-94B9-45F2-B030-442DA3DAE600}.Debug|Any CPU.ActiveCfg = Debug|Any CPU
		{E8022CAD-94B9-45F2-B030-442DA3DAE600}.Debug|Any CPU.Build.0 = Debug|Any CPU
		{E8022CAD-94B9-45F2-B030-442DA3DAE600}.Release|Any CPU.ActiveCfg = Release|Any CPU
		{E8022CAD-94B9-45F2-B030-442DA3DAE600}.Release|Any CPU.Build.0 = Release|Any CPU
<<<<<<< HEAD
		{CD2953A3-C11F-4A25-B7AF-3175B09E2C09}.Debug|Any CPU.ActiveCfg = Debug|Any CPU
		{CD2953A3-C11F-4A25-B7AF-3175B09E2C09}.Debug|Any CPU.Build.0 = Debug|Any CPU
		{CD2953A3-C11F-4A25-B7AF-3175B09E2C09}.Release|Any CPU.ActiveCfg = Release|Any CPU
		{CD2953A3-C11F-4A25-B7AF-3175B09E2C09}.Release|Any CPU.Build.0 = Release|Any CPU
=======
		{B727F09F-5288-4E72-909A-58887281AA8D}.Debug|Any CPU.ActiveCfg = Debug|Any CPU
		{B727F09F-5288-4E72-909A-58887281AA8D}.Debug|Any CPU.Build.0 = Debug|Any CPU
		{B727F09F-5288-4E72-909A-58887281AA8D}.Release|Any CPU.ActiveCfg = Release|Any CPU
		{B727F09F-5288-4E72-909A-58887281AA8D}.Release|Any CPU.Build.0 = Release|Any CPU
		{9C8FF5F9-98A4-47DA-AD3A-CCED672445D4}.Debug|Any CPU.ActiveCfg = Debug|Any CPU
		{9C8FF5F9-98A4-47DA-AD3A-CCED672445D4}.Debug|Any CPU.Build.0 = Debug|Any CPU
		{9C8FF5F9-98A4-47DA-AD3A-CCED672445D4}.Release|Any CPU.ActiveCfg = Release|Any CPU
		{9C8FF5F9-98A4-47DA-AD3A-CCED672445D4}.Release|Any CPU.Build.0 = Release|Any CPU
>>>>>>> refs/remotes/origin/Support-for-2015
	EndGlobalSection
	GlobalSection(SolutionProperties) = preSolution
		HideSolutionNode = FALSE
	EndGlobalSection
EndGlobal
