
Microsoft Visual Studio Solution File, Format Version 12.00
# Visual Studio Express 14 for Windows Desktop
VisualStudioVersion = 14.0.25420.1
MinimumVisualStudioVersion = 10.0.40219.1
Project("{FAE04EC0-301F-11D3-BF4B-00C04F79EFBC}") = "Revit_Adapter", "Revit_Adapter\Revit_Adapter.csproj", "{3EB6D37D-8720-495A-8FEB-E826F0E69AF8}"
EndProject
Project("{FAE04EC0-301F-11D3-BF4B-00C04F79EFBC}") = "Revit_oM", "Revit_oM\Revit_oM.csproj", "{B97DBF34-761D-4AB7-B122-D05408B34D0F}"
EndProject
Project("{FAE04EC0-301F-11D3-BF4B-00C04F79EFBC}") = "Revit_Engine", "Revit_Engine\Revit_Engine.csproj", "{75A99AC5-FE80-45A4-B456-1AA3B1C4BB74}"
EndProject
Project("{FAE04EC0-301F-11D3-BF4B-00C04F79EFBC}") = "Revit_Core_Adapter", "Revit_Core_Adapter\Revit_Core_Adapter.csproj", "{C2BD93AF-8853-4685-8BD4-223055DE1CC6}"
EndProject
Project("{FAE04EC0-301F-11D3-BF4B-00C04F79EFBC}") = "Revit_Core_Engine", "Revit_Core_Engine\Revit_Core_Engine.csproj", "{4DFAF9C8-9770-4E5A-818D-EB4DAB665145}"
EndProject
Global
	GlobalSection(SolutionConfigurationPlatforms) = preSolution
		Debug|Any CPU = Debug|Any CPU
		Debug2018|Any CPU = Debug2018|Any CPU
		Debug2019|Any CPU = Debug2019|Any CPU
		Debug2020|Any CPU = Debug2020|Any CPU
		Debug2021|Any CPU = Debug2021|Any CPU
		Debug2022|Any CPU = Debug2022|Any CPU
		Release|Any CPU = Release|Any CPU
		Release2018|Any CPU = Release2018|Any CPU
		Release2019|Any CPU = Release2019|Any CPU
		Release2020|Any CPU = Release2020|Any CPU
		Release2021|Any CPU = Release2021|Any CPU
		Release2022|Any CPU = Release2022|Any CPU
	EndGlobalSection
	GlobalSection(ProjectConfigurationPlatforms) = postSolution
		{3EB6D37D-8720-495A-8FEB-E826F0E69AF8}.Debug|Any CPU.ActiveCfg = Debug|Any CPU
		{3EB6D37D-8720-495A-8FEB-E826F0E69AF8}.Debug|Any CPU.Build.0 = Debug|Any CPU
		{3EB6D37D-8720-495A-8FEB-E826F0E69AF8}.Debug2018|Any CPU.ActiveCfg = Debug|Any CPU
		{3EB6D37D-8720-495A-8FEB-E826F0E69AF8}.Debug2018|Any CPU.Build.0 = Debug|Any CPU
		{3EB6D37D-8720-495A-8FEB-E826F0E69AF8}.Debug2019|Any CPU.ActiveCfg = Debug|Any CPU
		{3EB6D37D-8720-495A-8FEB-E826F0E69AF8}.Debug2019|Any CPU.Build.0 = Debug|Any CPU
		{3EB6D37D-8720-495A-8FEB-E826F0E69AF8}.Debug2020|Any CPU.ActiveCfg = Debug|Any CPU
		{3EB6D37D-8720-495A-8FEB-E826F0E69AF8}.Debug2020|Any CPU.Build.0 = Debug|Any CPU
		{3EB6D37D-8720-495A-8FEB-E826F0E69AF8}.Debug2021|Any CPU.ActiveCfg = Debug|Any CPU
		{3EB6D37D-8720-495A-8FEB-E826F0E69AF8}.Debug2021|Any CPU.Build.0 = Debug|Any CPU
		{3EB6D37D-8720-495A-8FEB-E826F0E69AF8}.Debug2022|Any CPU.ActiveCfg = Debug|Any CPU
		{3EB6D37D-8720-495A-8FEB-E826F0E69AF8}.Debug2022|Any CPU.Build.0 = Debug|Any CPU
		{3EB6D37D-8720-495A-8FEB-E826F0E69AF8}.Release|Any CPU.ActiveCfg = Release|Any CPU
		{3EB6D37D-8720-495A-8FEB-E826F0E69AF8}.Release|Any CPU.Build.0 = Release|Any CPU
		{3EB6D37D-8720-495A-8FEB-E826F0E69AF8}.Release2018|Any CPU.ActiveCfg = Release|Any CPU
		{3EB6D37D-8720-495A-8FEB-E826F0E69AF8}.Release2018|Any CPU.Build.0 = Release|Any CPU
		{3EB6D37D-8720-495A-8FEB-E826F0E69AF8}.Release2019|Any CPU.ActiveCfg = Release|Any CPU
		{3EB6D37D-8720-495A-8FEB-E826F0E69AF8}.Release2019|Any CPU.Build.0 = Release|Any CPU
		{3EB6D37D-8720-495A-8FEB-E826F0E69AF8}.Release2020|Any CPU.ActiveCfg = Release|Any CPU
		{3EB6D37D-8720-495A-8FEB-E826F0E69AF8}.Release2020|Any CPU.Build.0 = Release|Any CPU
		{3EB6D37D-8720-495A-8FEB-E826F0E69AF8}.Release2021|Any CPU.ActiveCfg = Release|Any CPU
		{3EB6D37D-8720-495A-8FEB-E826F0E69AF8}.Release2021|Any CPU.Build.0 = Release|Any CPU
		{3EB6D37D-8720-495A-8FEB-E826F0E69AF8}.Release2022|Any CPU.ActiveCfg = Release|Any CPU
		{3EB6D37D-8720-495A-8FEB-E826F0E69AF8}.Release2022|Any CPU.Build.0 = Release|Any CPU
		{B97DBF34-761D-4AB7-B122-D05408B34D0F}.Debug|Any CPU.ActiveCfg = Debug|Any CPU
		{B97DBF34-761D-4AB7-B122-D05408B34D0F}.Debug|Any CPU.Build.0 = Debug|Any CPU
		{B97DBF34-761D-4AB7-B122-D05408B34D0F}.Debug2018|Any CPU.ActiveCfg = Debug|Any CPU
		{B97DBF34-761D-4AB7-B122-D05408B34D0F}.Debug2018|Any CPU.Build.0 = Debug|Any CPU
		{B97DBF34-761D-4AB7-B122-D05408B34D0F}.Debug2019|Any CPU.ActiveCfg = Debug|Any CPU
		{B97DBF34-761D-4AB7-B122-D05408B34D0F}.Debug2019|Any CPU.Build.0 = Debug|Any CPU
		{B97DBF34-761D-4AB7-B122-D05408B34D0F}.Debug2020|Any CPU.ActiveCfg = Debug|Any CPU
		{B97DBF34-761D-4AB7-B122-D05408B34D0F}.Debug2020|Any CPU.Build.0 = Debug|Any CPU
		{B97DBF34-761D-4AB7-B122-D05408B34D0F}.Debug2021|Any CPU.ActiveCfg = Debug|Any CPU
		{B97DBF34-761D-4AB7-B122-D05408B34D0F}.Debug2021|Any CPU.Build.0 = Debug|Any CPU
		{B97DBF34-761D-4AB7-B122-D05408B34D0F}.Debug2022|Any CPU.ActiveCfg = Debug|Any CPU
		{B97DBF34-761D-4AB7-B122-D05408B34D0F}.Debug2022|Any CPU.Build.0 = Debug|Any CPU
		{B97DBF34-761D-4AB7-B122-D05408B34D0F}.Release|Any CPU.ActiveCfg = Release|Any CPU
		{B97DBF34-761D-4AB7-B122-D05408B34D0F}.Release|Any CPU.Build.0 = Release|Any CPU
		{B97DBF34-761D-4AB7-B122-D05408B34D0F}.Release2018|Any CPU.ActiveCfg = Release|Any CPU
		{B97DBF34-761D-4AB7-B122-D05408B34D0F}.Release2018|Any CPU.Build.0 = Release|Any CPU
		{B97DBF34-761D-4AB7-B122-D05408B34D0F}.Release2019|Any CPU.ActiveCfg = Release|Any CPU
		{B97DBF34-761D-4AB7-B122-D05408B34D0F}.Release2019|Any CPU.Build.0 = Release|Any CPU
		{B97DBF34-761D-4AB7-B122-D05408B34D0F}.Release2020|Any CPU.ActiveCfg = Release|Any CPU
		{B97DBF34-761D-4AB7-B122-D05408B34D0F}.Release2020|Any CPU.Build.0 = Release|Any CPU
		{B97DBF34-761D-4AB7-B122-D05408B34D0F}.Release2021|Any CPU.ActiveCfg = Release|Any CPU
		{B97DBF34-761D-4AB7-B122-D05408B34D0F}.Release2021|Any CPU.Build.0 = Release|Any CPU
		{B97DBF34-761D-4AB7-B122-D05408B34D0F}.Release2022|Any CPU.ActiveCfg = Release|Any CPU
		{B97DBF34-761D-4AB7-B122-D05408B34D0F}.Release2022|Any CPU.Build.0 = Release|Any CPU
		{75A99AC5-FE80-45A4-B456-1AA3B1C4BB74}.Debug|Any CPU.ActiveCfg = Debug|Any CPU
		{75A99AC5-FE80-45A4-B456-1AA3B1C4BB74}.Debug|Any CPU.Build.0 = Debug|Any CPU
		{75A99AC5-FE80-45A4-B456-1AA3B1C4BB74}.Debug2018|Any CPU.ActiveCfg = Debug|Any CPU
		{75A99AC5-FE80-45A4-B456-1AA3B1C4BB74}.Debug2018|Any CPU.Build.0 = Debug|Any CPU
		{75A99AC5-FE80-45A4-B456-1AA3B1C4BB74}.Debug2019|Any CPU.ActiveCfg = Debug|Any CPU
		{75A99AC5-FE80-45A4-B456-1AA3B1C4BB74}.Debug2019|Any CPU.Build.0 = Debug|Any CPU
		{75A99AC5-FE80-45A4-B456-1AA3B1C4BB74}.Debug2020|Any CPU.ActiveCfg = Debug|Any CPU
		{75A99AC5-FE80-45A4-B456-1AA3B1C4BB74}.Debug2020|Any CPU.Build.0 = Debug|Any CPU
		{75A99AC5-FE80-45A4-B456-1AA3B1C4BB74}.Debug2021|Any CPU.ActiveCfg = Debug|Any CPU
		{75A99AC5-FE80-45A4-B456-1AA3B1C4BB74}.Debug2021|Any CPU.Build.0 = Debug|Any CPU
		{75A99AC5-FE80-45A4-B456-1AA3B1C4BB74}.Debug2022|Any CPU.ActiveCfg = Debug|Any CPU
		{75A99AC5-FE80-45A4-B456-1AA3B1C4BB74}.Debug2022|Any CPU.Build.0 = Debug|Any CPU
		{75A99AC5-FE80-45A4-B456-1AA3B1C4BB74}.Release|Any CPU.ActiveCfg = Release|Any CPU
		{75A99AC5-FE80-45A4-B456-1AA3B1C4BB74}.Release|Any CPU.Build.0 = Release|Any CPU
		{75A99AC5-FE80-45A4-B456-1AA3B1C4BB74}.Release2018|Any CPU.ActiveCfg = Release|Any CPU
		{75A99AC5-FE80-45A4-B456-1AA3B1C4BB74}.Release2018|Any CPU.Build.0 = Release|Any CPU
		{75A99AC5-FE80-45A4-B456-1AA3B1C4BB74}.Release2019|Any CPU.ActiveCfg = Release|Any CPU
		{75A99AC5-FE80-45A4-B456-1AA3B1C4BB74}.Release2019|Any CPU.Build.0 = Release|Any CPU
		{75A99AC5-FE80-45A4-B456-1AA3B1C4BB74}.Release2020|Any CPU.ActiveCfg = Release|Any CPU
		{75A99AC5-FE80-45A4-B456-1AA3B1C4BB74}.Release2020|Any CPU.Build.0 = Release|Any CPU
		{75A99AC5-FE80-45A4-B456-1AA3B1C4BB74}.Release2021|Any CPU.ActiveCfg = Release|Any CPU
		{75A99AC5-FE80-45A4-B456-1AA3B1C4BB74}.Release2021|Any CPU.Build.0 = Release|Any CPU
		{75A99AC5-FE80-45A4-B456-1AA3B1C4BB74}.Release2022|Any CPU.ActiveCfg = Release|Any CPU
		{75A99AC5-FE80-45A4-B456-1AA3B1C4BB74}.Release2022|Any CPU.Build.0 = Release|Any CPU
		{C2BD93AF-8853-4685-8BD4-223055DE1CC6}.Debug|Any CPU.ActiveCfg = Debug|Any CPU
		{C2BD93AF-8853-4685-8BD4-223055DE1CC6}.Debug|Any CPU.Build.0 = Debug|Any CPU
		{C2BD93AF-8853-4685-8BD4-223055DE1CC6}.Debug2018|Any CPU.ActiveCfg = Debug2018|Any CPU
		{C2BD93AF-8853-4685-8BD4-223055DE1CC6}.Debug2018|Any CPU.Build.0 = Debug2018|Any CPU
		{C2BD93AF-8853-4685-8BD4-223055DE1CC6}.Debug2019|Any CPU.ActiveCfg = Debug2019|Any CPU
		{C2BD93AF-8853-4685-8BD4-223055DE1CC6}.Debug2019|Any CPU.Build.0 = Debug2019|Any CPU
		{C2BD93AF-8853-4685-8BD4-223055DE1CC6}.Debug2020|Any CPU.ActiveCfg = Debug2020|Any CPU
		{C2BD93AF-8853-4685-8BD4-223055DE1CC6}.Debug2020|Any CPU.Build.0 = Debug2020|Any CPU
		{C2BD93AF-8853-4685-8BD4-223055DE1CC6}.Debug2021|Any CPU.ActiveCfg = Debug2021|Any CPU
		{C2BD93AF-8853-4685-8BD4-223055DE1CC6}.Debug2021|Any CPU.Build.0 = Debug2021|Any CPU
		{C2BD93AF-8853-4685-8BD4-223055DE1CC6}.Debug2022|Any CPU.ActiveCfg = Debug2021|Any CPU
		{C2BD93AF-8853-4685-8BD4-223055DE1CC6}.Debug2022|Any CPU.Build.0 = Debug2021|Any CPU
		{C2BD93AF-8853-4685-8BD4-223055DE1CC6}.Release|Any CPU.ActiveCfg = Release|Any CPU
		{C2BD93AF-8853-4685-8BD4-223055DE1CC6}.Release|Any CPU.Build.0 = Release|Any CPU
		{C2BD93AF-8853-4685-8BD4-223055DE1CC6}.Release2018|Any CPU.ActiveCfg = Release2018|Any CPU
		{C2BD93AF-8853-4685-8BD4-223055DE1CC6}.Release2018|Any CPU.Build.0 = Release2018|Any CPU
		{C2BD93AF-8853-4685-8BD4-223055DE1CC6}.Release2019|Any CPU.ActiveCfg = Release2019|Any CPU
		{C2BD93AF-8853-4685-8BD4-223055DE1CC6}.Release2019|Any CPU.Build.0 = Release2019|Any CPU
		{C2BD93AF-8853-4685-8BD4-223055DE1CC6}.Release2020|Any CPU.ActiveCfg = Release2020|Any CPU
		{C2BD93AF-8853-4685-8BD4-223055DE1CC6}.Release2020|Any CPU.Build.0 = Release2020|Any CPU
		{C2BD93AF-8853-4685-8BD4-223055DE1CC6}.Release2021|Any CPU.ActiveCfg = Release2021|Any CPU
		{C2BD93AF-8853-4685-8BD4-223055DE1CC6}.Release2021|Any CPU.Build.0 = Release2021|Any CPU
		{C2BD93AF-8853-4685-8BD4-223055DE1CC6}.Release2022|Any CPU.ActiveCfg = Release2021|Any CPU
		{C2BD93AF-8853-4685-8BD4-223055DE1CC6}.Release2022|Any CPU.Build.0 = Release2021|Any CPU
		{4DFAF9C8-9770-4E5A-818D-EB4DAB665145}.Debug|Any CPU.ActiveCfg = Debug|Any CPU
		{4DFAF9C8-9770-4E5A-818D-EB4DAB665145}.Debug|Any CPU.Build.0 = Debug|Any CPU
		{4DFAF9C8-9770-4E5A-818D-EB4DAB665145}.Debug2018|Any CPU.ActiveCfg = Debug2018|Any CPU
		{4DFAF9C8-9770-4E5A-818D-EB4DAB665145}.Debug2018|Any CPU.Build.0 = Debug2018|Any CPU
		{4DFAF9C8-9770-4E5A-818D-EB4DAB665145}.Debug2019|Any CPU.ActiveCfg = Debug2019|Any CPU
		{4DFAF9C8-9770-4E5A-818D-EB4DAB665145}.Debug2019|Any CPU.Build.0 = Debug2019|Any CPU
		{4DFAF9C8-9770-4E5A-818D-EB4DAB665145}.Debug2020|Any CPU.ActiveCfg = Debug2020|Any CPU
		{4DFAF9C8-9770-4E5A-818D-EB4DAB665145}.Debug2020|Any CPU.Build.0 = Debug2020|Any CPU
		{4DFAF9C8-9770-4E5A-818D-EB4DAB665145}.Debug2021|Any CPU.ActiveCfg = Debug2021|Any CPU
		{4DFAF9C8-9770-4E5A-818D-EB4DAB665145}.Debug2021|Any CPU.Build.0 = Debug2021|Any CPU
		{4DFAF9C8-9770-4E5A-818D-EB4DAB665145}.Debug2022|Any CPU.ActiveCfg = Debug2021|Any CPU
		{4DFAF9C8-9770-4E5A-818D-EB4DAB665145}.Debug2022|Any CPU.Build.0 = Debug2021|Any CPU
		{4DFAF9C8-9770-4E5A-818D-EB4DAB665145}.Release|Any CPU.ActiveCfg = Release|Any CPU
		{4DFAF9C8-9770-4E5A-818D-EB4DAB665145}.Release|Any CPU.Build.0 = Release|Any CPU
		{4DFAF9C8-9770-4E5A-818D-EB4DAB665145}.Release2018|Any CPU.ActiveCfg = Release2018|Any CPU
		{4DFAF9C8-9770-4E5A-818D-EB4DAB665145}.Release2018|Any CPU.Build.0 = Release2018|Any CPU
		{4DFAF9C8-9770-4E5A-818D-EB4DAB665145}.Release2019|Any CPU.ActiveCfg = Release2019|Any CPU
		{4DFAF9C8-9770-4E5A-818D-EB4DAB665145}.Release2019|Any CPU.Build.0 = Release2019|Any CPU
		{4DFAF9C8-9770-4E5A-818D-EB4DAB665145}.Release2020|Any CPU.ActiveCfg = Release2020|Any CPU
		{4DFAF9C8-9770-4E5A-818D-EB4DAB665145}.Release2020|Any CPU.Build.0 = Release2020|Any CPU
		{4DFAF9C8-9770-4E5A-818D-EB4DAB665145}.Release2021|Any CPU.ActiveCfg = Release2021|Any CPU
		{4DFAF9C8-9770-4E5A-818D-EB4DAB665145}.Release2021|Any CPU.Build.0 = Release2021|Any CPU
		{4DFAF9C8-9770-4E5A-818D-EB4DAB665145}.Release2022|Any CPU.ActiveCfg = Release2021|Any CPU
		{4DFAF9C8-9770-4E5A-818D-EB4DAB665145}.Release2022|Any CPU.Build.0 = Release2021|Any CPU
	EndGlobalSection
	GlobalSection(SolutionProperties) = preSolution
		HideSolutionNode = FALSE
	EndGlobalSection
	GlobalSection(ExtensibilityGlobals) = postSolution
		SolutionGuid = {5815538D-BDAA-4BB1-B555-5C496F327FE4}
	EndGlobalSection
EndGlobal
