
Microsoft Visual Studio Solution File, Format Version 12.00
# Visual Studio Express 14 for Windows Desktop
VisualStudioVersion = 14.0.25420.1
MinimumVisualStudioVersion = 10.0.40219.1
Project("{FAE04EC0-301F-11D3-BF4B-00C04F79EFBC}") = "RevitAdapter2015", "RevitToolkit2015\RevitAdapter2015.csproj", "{72678526-8648-4914-9FE6-33676C6760EB}"
EndProject
Project("{FAE04EC0-301F-11D3-BF4B-00C04F79EFBC}") = "Revit2016_Adapter", "Revit2016_Adapter\Revit2016_Adapter.csproj", "{348E19A4-A3FC-4558-93C6-2646820412A1}"
EndProject
Project("{FAE04EC0-301F-11D3-BF4B-00C04F79EFBC}") = "Cobra2016", "Cobra2016\Cobra2016.csproj", "{D0479AF6-F551-46BA-B742-4BA9FA10029F}"
EndProject
Project("{FAE04EC0-301F-11D3-BF4B-00C04F79EFBC}") = "Revit2017_Adapter", "Revit2017_Adapter\Revit2017_Adapter.csproj", "{074540BB-A398-4F9A-90AC-A2DC10A3B080}"
EndProject
Project("{FAE04EC0-301F-11D3-BF4B-00C04F79EFBC}") = "Cobra2017", "Cobra2017\Cobra2017.csproj", "{E8022CAD-94B9-45F2-B030-442DA3DAE600}"
EndProject
Project("{FAE04EC0-301F-11D3-BF4B-00C04F79EFBC}") = "Revit2018_Adapter", "Revit2018_Adapter\Revit2018_Adapter.csproj", "{C2BD93AF-8853-4685-8BD4-223055DE1CC6}"
	ProjectSection(ProjectDependencies) = postProject
		{4DFAF9C8-9770-4E5A-818D-EB4DAB665145} = {4DFAF9C8-9770-4E5A-818D-EB4DAB665145}
	EndProjectSection
EndProject
Project("{FAE04EC0-301F-11D3-BF4B-00C04F79EFBC}") = "Revit2018_Engine", "Revit2018_Engine\Revit2018_Engine.csproj", "{4DFAF9C8-9770-4E5A-818D-EB4DAB665145}"
EndProject
Project("{2150E333-8FDC-42A3-9474-1A3956D46DE8}") = "Revit2018", "Revit2018", "{D694B0BE-1DBE-4B71-83A1-1EF279C0409C}"
EndProject
Project("{2150E333-8FDC-42A3-9474-1A3956D46DE8}") = "Revit2017", "Revit2017", "{AF755D5F-4EFB-48D3-871B-968345F7F444}"
EndProject
Project("{2150E333-8FDC-42A3-9474-1A3956D46DE8}") = "Legacy", "Legacy", "{B0CFDF21-48B7-433C-A0AC-64023A1E441D}"
EndProject
Project("{FAE04EC0-301F-11D3-BF4B-00C04F79EFBC}") = "Revit2018_Test", "Revit2018_Test\Revit2018_Test.csproj", "{09699A82-1026-432C-A68F-DAD6F4565865}"
	ProjectSection(ProjectDependencies) = postProject
		{C2BD93AF-8853-4685-8BD4-223055DE1CC6} = {C2BD93AF-8853-4685-8BD4-223055DE1CC6}
		{4DFAF9C8-9770-4E5A-818D-EB4DAB665145} = {4DFAF9C8-9770-4E5A-818D-EB4DAB665145}
	EndProjectSection
EndProject
Project("{FAE04EC0-301F-11D3-BF4B-00C04F79EFBC}") = "RevitLink_Adapter", "RevitLink_Adapter\RevitLink_Adapter.csproj", "{3EB6D37D-8720-495A-8FEB-E826F0E69AF8}"
EndProject
Project("{FAE04EC0-301F-11D3-BF4B-00C04F79EFBC}") = "RevitListener", "RevitListener\RevitListener.csproj", "{928290E0-9CB8-4B96-BD7A-A2E4638824AC}"
EndProject
Global
	GlobalSection(SolutionConfigurationPlatforms) = preSolution
		Debug|Any CPU = Debug|Any CPU
		Release|Any CPU = Release|Any CPU
	EndGlobalSection
	GlobalSection(ProjectConfigurationPlatforms) = postSolution
		{72678526-8648-4914-9FE6-33676C6760EB}.Debug|Any CPU.ActiveCfg = Debug|Any CPU
		{72678526-8648-4914-9FE6-33676C6760EB}.Release|Any CPU.ActiveCfg = Release|Any CPU
		{72678526-8648-4914-9FE6-33676C6760EB}.Release|Any CPU.Build.0 = Release|Any CPU
		{348E19A4-A3FC-4558-93C6-2646820412A1}.Debug|Any CPU.ActiveCfg = Debug|Any CPU
		{348E19A4-A3FC-4558-93C6-2646820412A1}.Release|Any CPU.ActiveCfg = Release|Any CPU
		{348E19A4-A3FC-4558-93C6-2646820412A1}.Release|Any CPU.Build.0 = Release|Any CPU
		{D0479AF6-F551-46BA-B742-4BA9FA10029F}.Debug|Any CPU.ActiveCfg = Debug|Any CPU
		{D0479AF6-F551-46BA-B742-4BA9FA10029F}.Release|Any CPU.ActiveCfg = Release|Any CPU
		{D0479AF6-F551-46BA-B742-4BA9FA10029F}.Release|Any CPU.Build.0 = Release|Any CPU
		{074540BB-A398-4F9A-90AC-A2DC10A3B080}.Debug|Any CPU.ActiveCfg = Debug|Any CPU
		{074540BB-A398-4F9A-90AC-A2DC10A3B080}.Release|Any CPU.ActiveCfg = Release|Any CPU
		{074540BB-A398-4F9A-90AC-A2DC10A3B080}.Release|Any CPU.Build.0 = Release|Any CPU
		{E8022CAD-94B9-45F2-B030-442DA3DAE600}.Debug|Any CPU.ActiveCfg = Debug|Any CPU
		{E8022CAD-94B9-45F2-B030-442DA3DAE600}.Release|Any CPU.ActiveCfg = Release|Any CPU
		{E8022CAD-94B9-45F2-B030-442DA3DAE600}.Release|Any CPU.Build.0 = Release|Any CPU
		{C2BD93AF-8853-4685-8BD4-223055DE1CC6}.Debug|Any CPU.ActiveCfg = Debug|Any CPU
		{C2BD93AF-8853-4685-8BD4-223055DE1CC6}.Debug|Any CPU.Build.0 = Debug|Any CPU
		{C2BD93AF-8853-4685-8BD4-223055DE1CC6}.Release|Any CPU.ActiveCfg = Release|Any CPU
		{C2BD93AF-8853-4685-8BD4-223055DE1CC6}.Release|Any CPU.Build.0 = Release|Any CPU
		{4DFAF9C8-9770-4E5A-818D-EB4DAB665145}.Debug|Any CPU.ActiveCfg = Debug|Any CPU
		{4DFAF9C8-9770-4E5A-818D-EB4DAB665145}.Debug|Any CPU.Build.0 = Debug|Any CPU
		{4DFAF9C8-9770-4E5A-818D-EB4DAB665145}.Release|Any CPU.ActiveCfg = Release|Any CPU
		{4DFAF9C8-9770-4E5A-818D-EB4DAB665145}.Release|Any CPU.Build.0 = Release|Any CPU
		{09699A82-1026-432C-A68F-DAD6F4565865}.Debug|Any CPU.ActiveCfg = Debug|Any CPU
		{09699A82-1026-432C-A68F-DAD6F4565865}.Debug|Any CPU.Build.0 = Debug|Any CPU
		{09699A82-1026-432C-A68F-DAD6F4565865}.Release|Any CPU.ActiveCfg = Release|Any CPU
		{09699A82-1026-432C-A68F-DAD6F4565865}.Release|Any CPU.Build.0 = Release|Any CPU
		{3EB6D37D-8720-495A-8FEB-E826F0E69AF8}.Debug|Any CPU.ActiveCfg = Debug|Any CPU
		{3EB6D37D-8720-495A-8FEB-E826F0E69AF8}.Debug|Any CPU.Build.0 = Debug|Any CPU
		{3EB6D37D-8720-495A-8FEB-E826F0E69AF8}.Release|Any CPU.ActiveCfg = Release|Any CPU
		{3EB6D37D-8720-495A-8FEB-E826F0E69AF8}.Release|Any CPU.Build.0 = Release|Any CPU
		{928290E0-9CB8-4B96-BD7A-A2E4638824AC}.Debug|Any CPU.ActiveCfg = Debug|Any CPU
		{928290E0-9CB8-4B96-BD7A-A2E4638824AC}.Debug|Any CPU.Build.0 = Debug|Any CPU
		{928290E0-9CB8-4B96-BD7A-A2E4638824AC}.Release|Any CPU.ActiveCfg = Release|Any CPU
		{928290E0-9CB8-4B96-BD7A-A2E4638824AC}.Release|Any CPU.Build.0 = Release|Any CPU
	EndGlobalSection
	GlobalSection(SolutionProperties) = preSolution
		HideSolutionNode = FALSE
	EndGlobalSection
	GlobalSection(NestedProjects) = preSolution
		{72678526-8648-4914-9FE6-33676C6760EB} = {B0CFDF21-48B7-433C-A0AC-64023A1E441D}
		{348E19A4-A3FC-4558-93C6-2646820412A1} = {B0CFDF21-48B7-433C-A0AC-64023A1E441D}
		{D0479AF6-F551-46BA-B742-4BA9FA10029F} = {B0CFDF21-48B7-433C-A0AC-64023A1E441D}
		{074540BB-A398-4F9A-90AC-A2DC10A3B080} = {B0CFDF21-48B7-433C-A0AC-64023A1E441D}
		{E8022CAD-94B9-45F2-B030-442DA3DAE600} = {B0CFDF21-48B7-433C-A0AC-64023A1E441D}
		{C2BD93AF-8853-4685-8BD4-223055DE1CC6} = {D694B0BE-1DBE-4B71-83A1-1EF279C0409C}
		{4DFAF9C8-9770-4E5A-818D-EB4DAB665145} = {D694B0BE-1DBE-4B71-83A1-1EF279C0409C}
		{09699A82-1026-432C-A68F-DAD6F4565865} = {D694B0BE-1DBE-4B71-83A1-1EF279C0409C}
		{3EB6D37D-8720-495A-8FEB-E826F0E69AF8} = {D694B0BE-1DBE-4B71-83A1-1EF279C0409C}
		{928290E0-9CB8-4B96-BD7A-A2E4638824AC} = {D694B0BE-1DBE-4B71-83A1-1EF279C0409C}
	EndGlobalSection
EndGlobal
